
Microsoft Visual Studio Solution File, Format Version 12.00
# Visual Studio Version 17
VisualStudioVersion = 17.9.34902.65
MinimumVisualStudioVersion = 10.0.40219.1
Project("{9A19103F-16F7-4668-BE54-9A1E7A4F7556}") = "BusinessLOgic", "DomainLayer\BusinessLOgic.csproj", "{0CD40720-894D-4785-BB2A-5471CDA37A2A}"
EndProject
Project("{9A19103F-16F7-4668-BE54-9A1E7A4F7556}") = "DAL", "DAL\DAL.csproj", "{0960603E-80BF-4CF2-8DD3-90A972B9A56E}"
EndProject
Project("{9A19103F-16F7-4668-BE54-9A1E7A4F7556}") = "WebApplication.Api", "WebApplication1\WebApplication.Api.csproj", "{88D07366-8C1E-4654-879C-EF15295664F4}"
	ProjectSection(ProjectDependencies) = postProject
		{0CD40720-894D-4785-BB2A-5471CDA37A2A} = {0CD40720-894D-4785-BB2A-5471CDA37A2A}
	EndProjectSection
EndProject
Project("{9A19103F-16F7-4668-BE54-9A1E7A4F7556}") = "WebAPplication.UI", "WebAPplication.UI\WebAPplication.UI.csproj", "{E248D2CA-2677-4A56-8164-DD065D5C952E}"
	ProjectSection(ProjectDependencies) = postProject
		{88D07366-8C1E-4654-879C-EF15295664F4} = {88D07366-8C1E-4654-879C-EF15295664F4}
	EndProjectSection
EndProject
Project("{2150E333-8FDC-42A3-9474-1A3956D46DE8}") = "Shared", "Shared", "{2A9A6517-9DAF-4CC6-B773-66595C10B6EC}"
EndProject
Project("{9A19103F-16F7-4668-BE54-9A1E7A4F7556}") = "SharedEnums", "SharedEnums\SharedEnums.csproj", "{6CFF8678-1A31-4380-8208-0A4C7C0B4B23}"
EndProject
Global
	GlobalSection(SolutionConfigurationPlatforms) = preSolution
		Debug|Any CPU = Debug|Any CPU
		Release|Any CPU = Release|Any CPU
	EndGlobalSection
	GlobalSection(ProjectConfigurationPlatforms) = postSolution
		{0CD40720-894D-4785-BB2A-5471CDA37A2A}.Debug|Any CPU.ActiveCfg = Debug|Any CPU
		{0CD40720-894D-4785-BB2A-5471CDA37A2A}.Debug|Any CPU.Build.0 = Debug|Any CPU
		{0CD40720-894D-4785-BB2A-5471CDA37A2A}.Release|Any CPU.ActiveCfg = Release|Any CPU
		{0CD40720-894D-4785-BB2A-5471CDA37A2A}.Release|Any CPU.Build.0 = Release|Any CPU
		{0960603E-80BF-4CF2-8DD3-90A972B9A56E}.Debug|Any CPU.ActiveCfg = Debug|Any CPU
		{0960603E-80BF-4CF2-8DD3-90A972B9A56E}.Debug|Any CPU.Build.0 = Debug|Any CPU
		{0960603E-80BF-4CF2-8DD3-90A972B9A56E}.Release|Any CPU.ActiveCfg = Release|Any CPU
		{0960603E-80BF-4CF2-8DD3-90A972B9A56E}.Release|Any CPU.Build.0 = Release|Any CPU
		{88D07366-8C1E-4654-879C-EF15295664F4}.Debug|Any CPU.ActiveCfg = Debug|Any CPU
		{88D07366-8C1E-4654-879C-EF15295664F4}.Debug|Any CPU.Build.0 = Debug|Any CPU
		{88D07366-8C1E-4654-879C-EF15295664F4}.Release|Any CPU.ActiveCfg = Release|Any CPU
		{88D07366-8C1E-4654-879C-EF15295664F4}.Release|Any CPU.Build.0 = Release|Any CPU
		{E248D2CA-2677-4A56-8164-DD065D5C952E}.Debug|Any CPU.ActiveCfg = Debug|Any CPU
		{E248D2CA-2677-4A56-8164-DD065D5C952E}.Debug|Any CPU.Build.0 = Debug|Any CPU
		{E248D2CA-2677-4A56-8164-DD065D5C952E}.Release|Any CPU.ActiveCfg = Release|Any CPU
		{E248D2CA-2677-4A56-8164-DD065D5C952E}.Release|Any CPU.Build.0 = Release|Any CPU
		{6CFF8678-1A31-4380-8208-0A4C7C0B4B23}.Debug|Any CPU.ActiveCfg = Debug|Any CPU
		{6CFF8678-1A31-4380-8208-0A4C7C0B4B23}.Debug|Any CPU.Build.0 = Debug|Any CPU
		{6CFF8678-1A31-4380-8208-0A4C7C0B4B23}.Release|Any CPU.ActiveCfg = Release|Any CPU
		{6CFF8678-1A31-4380-8208-0A4C7C0B4B23}.Release|Any CPU.Build.0 = Release|Any CPU
	EndGlobalSection
	GlobalSection(SolutionProperties) = preSolution
		HideSolutionNode = FALSE
	EndGlobalSection
	GlobalSection(NestedProjects) = preSolution
		{6CFF8678-1A31-4380-8208-0A4C7C0B4B23} = {2A9A6517-9DAF-4CC6-B773-66595C10B6EC}
	EndGlobalSection
	GlobalSection(ExtensibilityGlobals) = postSolution
		SolutionGuid = {53C5E090-4443-4D5C-B2D5-7F4894EA2C82}
	EndGlobalSection
EndGlobal
